
Microsoft Visual Studio Solution File, Format Version 12.00
# Visual Studio Version 17
Project("{8BC9CEB8-8B4A-11D0-8D11-00A0C91BC942}") = "ALL_BUILD", "ALL_BUILD.vcxproj", "{CE50C20E-1E00-371A-931C-590B0E9BCADA}"
	ProjectSection(ProjectDependencies) = postProject
		{F3E685BF-A515-314D-9867-AAF3E4B239BC} = {F3E685BF-A515-314D-9867-AAF3E4B239BC}
		{8F9DE480-7C58-3725-8A48-39E2D44E9B06} = {8F9DE480-7C58-3725-8A48-39E2D44E9B06}
		{A52DE981-251A-3A8F-8C6B-0C68924B0AF8} = {A52DE981-251A-3A8F-8C6B-0C68924B0AF8}
	EndProjectSection
EndProject
Project("{8BC9CEB8-8B4A-11D0-8D11-00A0C91BC942}") = "ZERO_CHECK", "..\ZERO_CHECK.vcxproj", "{F3E685BF-A515-314D-9867-AAF3E4B239BC}"
	ProjectSection(ProjectDependencies) = postProject
	EndProjectSection
EndProject
Project("{8BC9CEB8-8B4A-11D0-8D11-00A0C91BC942}") = "cps1recomp", "cps1recomp.vcxproj", "{8F9DE480-7C58-3725-8A48-39E2D44E9B06}"
	ProjectSection(ProjectDependencies) = postProject
		{F3E685BF-A515-314D-9867-AAF3E4B239BC} = {F3E685BF-A515-314D-9867-AAF3E4B239BC}
		{A52DE981-251A-3A8F-8C6B-0C68924B0AF8} = {A52DE981-251A-3A8F-8C6B-0C68924B0AF8}
	EndProjectSection
EndProject
Project("{8BC9CEB8-8B4A-11D0-8D11-00A0C91BC942}") = "ymfm", "ymfm.vcxproj", "{A52DE981-251A-3A8F-8C6B-0C68924B0AF8}"
	ProjectSection(ProjectDependencies) = postProject
		{F3E685BF-A515-314D-9867-AAF3E4B239BC} = {F3E685BF-A515-314D-9867-AAF3E4B239BC}
	EndProjectSection
EndProject
Global
	GlobalSection(SolutionConfigurationPlatforms) = preSolution
		Debug|x64 = Debug|x64
		Release|x64 = Release|x64
		MinSizeRel|x64 = MinSizeRel|x64
		RelWithDebInfo|x64 = RelWithDebInfo|x64
	EndGlobalSection
	GlobalSection(ProjectConfigurationPlatforms) = postSolution
		{CE50C20E-1E00-371A-931C-590B0E9BCADA}.Debug|x64.ActiveCfg = Debug|x64
		{CE50C20E-1E00-371A-931C-590B0E9BCADA}.Release|x64.ActiveCfg = Release|x64
		{CE50C20E-1E00-371A-931C-590B0E9BCADA}.MinSizeRel|x64.ActiveCfg = MinSizeRel|x64
		{CE50C20E-1E00-371A-931C-590B0E9BCADA}.RelWithDebInfo|x64.ActiveCfg = RelWithDebInfo|x64
		{F3E685BF-A515-314D-9867-AAF3E4B239BC}.Debug|x64.ActiveCfg = Debug|x64
		{F3E685BF-A515-314D-9867-AAF3E4B239BC}.Debug|x64.Build.0 = Debug|x64
		{F3E685BF-A515-314D-9867-AAF3E4B239BC}.Release|x64.ActiveCfg = Release|x64
		{F3E685BF-A515-314D-9867-AAF3E4B239BC}.Release|x64.Build.0 = Release|x64
		{F3E685BF-A515-314D-9867-AAF3E4B239BC}.MinSizeRel|x64.ActiveCfg = MinSizeRel|x64
		{F3E685BF-A515-314D-9867-AAF3E4B239BC}.MinSizeRel|x64.Build.0 = MinSizeRel|x64
		{F3E685BF-A515-314D-9867-AAF3E4B239BC}.RelWithDebInfo|x64.ActiveCfg = RelWithDebInfo|x64
		{F3E685BF-A515-314D-9867-AAF3E4B239BC}.RelWithDebInfo|x64.Build.0 = RelWithDebInfo|x64
		{8F9DE480-7C58-3725-8A48-39E2D44E9B06}.Debug|x64.ActiveCfg = Debug|x64
		{8F9DE480-7C58-3725-8A48-39E2D44E9B06}.Debug|x64.Build.0 = Debug|x64
		{8F9DE480-7C58-3725-8A48-39E2D44E9B06}.Release|x64.ActiveCfg = Release|x64
		{8F9DE480-7C58-3725-8A48-39E2D44E9B06}.Release|x64.Build.0 = Release|x64
		{8F9DE480-7C58-3725-8A48-39E2D44E9B06}.MinSizeRel|x64.ActiveCfg = MinSizeRel|x64
		{8F9DE480-7C58-3725-8A48-39E2D44E9B06}.MinSizeRel|x64.Build.0 = MinSizeRel|x64
		{8F9DE480-7C58-3725-8A48-39E2D44E9B06}.RelWithDebInfo|x64.ActiveCfg = RelWithDebInfo|x64
		{8F9DE480-7C58-3725-8A48-39E2D44E9B06}.RelWithDebInfo|x64.Build.0 = RelWithDebInfo|x64
		{A52DE981-251A-3A8F-8C6B-0C68924B0AF8}.Debug|x64.ActiveCfg = Debug|x64
		{A52DE981-251A-3A8F-8C6B-0C68924B0AF8}.Debug|x64.Build.0 = Debug|x64
		{A52DE981-251A-3A8F-8C6B-0C68924B0AF8}.Release|x64.ActiveCfg = Release|x64
		{A52DE981-251A-3A8F-8C6B-0C68924B0AF8}.Release|x64.Build.0 = Release|x64
		{A52DE981-251A-3A8F-8C6B-0C68924B0AF8}.MinSizeRel|x64.ActiveCfg = MinSizeRel|x64
		{A52DE981-251A-3A8F-8C6B-0C68924B0AF8}.MinSizeRel|x64.Build.0 = MinSizeRel|x64
		{A52DE981-251A-3A8F-8C6B-0C68924B0AF8}.RelWithDebInfo|x64.ActiveCfg = RelWithDebInfo|x64
		{A52DE981-251A-3A8F-8C6B-0C68924B0AF8}.RelWithDebInfo|x64.Build.0 = RelWithDebInfo|x64
	EndGlobalSection
	GlobalSection(ExtensibilityGlobals) = postSolution
		SolutionGuid = {BF27504E-AA4D-320A-8622-71616FBBC359}
	EndGlobalSection
	GlobalSection(ExtensibilityAddIns) = postSolution
	EndGlobalSection
EndGlobal
