<?xml version="1.0" encoding="utf-8"?>
<Project ToolsVersion="17.0" xmlns="http://schemas.microsoft.com/developer/msbuild/2003">
  <ItemGroup>
    <ClCompile Include="D:\recomp\cps1\cps1recomp\src\cps1recomp.c">
      <Filter>Source Files</Filter>
    </ClCompile>
    <ClCompile Include="D:\recomp\cps1\cps1recomp\src\m68k.c">
      <Filter>Source Files</Filter>
    </ClCompile>
    <ClCompile Include="D:\recomp\cps1\cps1recomp\src\bus.c">
      <Filter>Source Files</Filter>
    </ClCompile>
    <ClCompile Include="D:\recomp\cps1\cps1recomp\src\func_table.c">
      <Filter>Source Files</Filter>
    </ClCompile>
    <ClCompile Include="D:\recomp\cps1\cps1recomp\src\video.c">
      <Filter>Source Files</Filter>
    </ClCompile>
    <ClCompile Include="D:\recomp\cps1\cps1recomp\src\palette.c">
      <Filter>Source Files</Filter>
    </ClCompile>
    <ClCompile Include="D:\recomp\cps1\cps1recomp\src\io.c">
      <Filter>Source Files</Filter>
    </ClCompile>
    <ClCompile Include="D:\recomp\cps1\cps1recomp\src\timer.c">
      <Filter>Source Files</Filter>
    </ClCompile>
    <ClCompile Include="D:\recomp\cps1\cps1recomp\src\oki6295.c">
      <Filter>Source Files</Filter>
    </ClCompile>
    <ClCompile Include="D:\recomp\cps1\cps1recomp\src\z80.c">
      <Filter>Source Files</Filter>
    </ClCompile>
    <ClCompile Include="D:\recomp\cps1\cps1recomp\src\rom.c">
      <Filter>Source Files</Filter>
    </ClCompile>
    <ClCompile Include="D:\recomp\cps1\cps1recomp\src\platform.c">
      <Filter>Source Files</Filter>
    </ClCompile>
    <ClCompile Include="D:\recomp\cps1\cps1recomp\src\debug.c">
      <Filter>Source Files</Filter>
    </ClCompile>
    <ClCompile Include="D:\recomp\cps1\cps1recomp\src\ym2151_ymfm.cpp">
      <Filter>Source Files</Filter>
    </ClCompile>
  </ItemGroup>
  <ItemGroup>
    <CustomBuild Include="D:\recomp\cps1\cps1recomp\CMakeLists.txt" />
  </ItemGroup>
  <ItemGroup>
    <Filter Include="Source Files">
      <UniqueIdentifier>{42CBC948-4D7A-3910-BC78-421C2C98106E}</UniqueIdentifier>
    </Filter>
  </ItemGroup>
</Project>
