<?xml version="1.0" encoding="utf-8"?>
<Project ToolsVersion="17.0" xmlns="http://schemas.microsoft.com/developer/msbuild/2003">
  <ItemGroup>
    <ClCompile Include="D:\recomp\gen\genrecomp\ext\ymfm\src\ymfm_opm.cpp">
      <Filter>Source Files</Filter>
    </ClCompile>
  </ItemGroup>
  <ItemGroup>
    <CustomBuild Include="D:\recomp\cps1\cps1recomp\CMakeLists.txt" />
  </ItemGroup>
  <ItemGroup>
    <None Include="D:\recomp\gen\genrecomp\ext\ymfm\src\ymfm_fm.ipp" />
  </ItemGroup>
  <ItemGroup>
    <Filter Include="Source Files">
      <UniqueIdentifier>{42CBC948-4D7A-3910-BC78-421C2C98106E}</UniqueIdentifier>
    </Filter>
  </ItemGroup>
</Project>
